// !$*UTF8*$!
{
	archiveVersion = 1;
	classes = {
	};
	objectVersion = 50;
	objects = {

/* Begin PBXBuildFile section */
		3EE98BA1240B2E6D00B53CE9 /* AppDelegate.swift in Sources */ = {isa = PBXBuildFile; fileRef = 3EE98BA0240B2E6D00B53CE9 /* AppDelegate.swift */; };
		3EE98BA3240B2E6D00B53CE9 /* SceneDelegate.swift in Sources */ = {isa = PBXBuildFile; fileRef = 3EE98BA2240B2E6D00B53CE9 /* SceneDelegate.swift */; };
		3EE98BA5240B2E6D00B53CE9 /* ViewController.swift in Sources */ = {isa = PBXBuildFile; fileRef = 3EE98BA4240B2E6D00B53CE9 /* ViewController.swift */; };
		3EE98BA8240B2E6D00B53CE9 /* Main.storyboard in Resources */ = {isa = PBXBuildFile; fileRef = 3EE98BA6240B2E6D00B53CE9 /* Main.storyboard */; };
		3EE98BAA240B2E6D00B53CE9 /* Assets.xcassets in Resources */ = {isa = PBXBuildFile; fileRef = 3EE98BA9240B2E6D00B53CE9 /* Assets.xcassets */; };
		3EE98BAD240B2E6D00B53CE9 /* LaunchScreen.storyboard in Resources */ = {isa = PBXBuildFile; fileRef = 3EE98BAB240B2E6D00B53CE9 /* LaunchScreen.storyboard */; };
/* End PBXBuildFile section */

/* Begin PBXFileReference section */
		3EE98B9D240B2E6D00B53CE9 /* timerProject.app */ = {isa = PBXFileReference; explicitFileType = wrapper.application; includeInIndex = 0; path = timerProject.app; sourceTree = BUILT_PRODUCTS_DIR; };
		3EE98BA0240B2E6D00B53CE9 /* AppDelegate.swift */ = {isa = PBXFileReference; lastKnownFileType = sourcecode.swift; path = AppDelegate.swift; sourceTree = "<group>"; };
		3EE98BA2240B2E6D00B53CE9 /* SceneDelegate.swift */ = {isa = PBXFileReference; lastKnownFileType = sourcecode.swift; path = SceneDelegate.swift; sourceTree = "<group>"; };
		3EE98BA4240B2E6D00B53CE9 /* ViewController.swift */ = {isa = PBXFileReference; lastKnownFileType = sourcecode.swift; path = ViewController.swift; sourceTree = "<group>"; };
		3EE98BA7240B2E6D00B53CE9 /* Base */ = {isa = PBXFileReference; lastKnownFileType = file.storyboard; name = Base; path = Base.lproj/Main.storyboard; sourceTree = "<group>"; };
		3EE98BA9240B2E6D00B53CE9 /* Assets.xcassets */ = {isa = PBXFileReference; lastKnownFileType = folder.assetcatalog; path = Assets.xcassets; sourceTree = "<group>"; };
		3EE98BAC240B2E6D00B53CE9 /* Base */ = {isa = PBXFileReference; lastKnownFileType = file.storyboard; name = Base; path = Base.lproj/LaunchScreen.storyboard; sourceTree = "<group>"; };
		3EE98BAE240B2E6D00B53CE9 /* Info.plist */ = {isa = PBXFileReference; lastKnownFileType = text.plist.xml; path = Info.plist; sourceTree = "<group>"; };
/* End PBXFileReference section */

/* Begin PBXFrameworksBuildPhase section */
		3EE98B9A240B2E6D00B53CE9 /* Frameworks */ = {
			isa = PBXFrameworksBuildPhase;
			buildActionMask = 2147483647;
			files = (
			);
			runOnlyForDeploymentPostprocessing = 0;
		};
/* End PBXFrameworksBuildPhase section */

/* Begin PBXGroup section */
		3EE98B94240B2E6D00B53CE9 = {
			isa = PBXGroup;
			children = (
				3EE98B9F240B2E6D00B53CE9 /* timerProject */,
				3EE98B9E240B2E6D00B53CE9 /* Products */,
			);
			sourceTree = "<group>";
		};
		3EE98B9E240B2E6D00B53CE9 /* Products */ = {
			isa = PBXGroup;
			children = (
				3EE98B9D240B2E6D00B53CE9 /* timerProject.app */,
			);
			name = Products;
			sourceTree = "<group>";
		};
		3EE98B9F240B2E6D00B53CE9 /* timerProject */ = {
			isa = PBXGroup;
			children = (
				3EE98BA0240B2E6D00B53CE9 /* AppDelegate.swift */,
				3EE98BA2240B2E6D00B53CE9 /* SceneDelegate.swift */,
				3EE98BA4240B2E6D00B53CE9 /* ViewController.swift */,
				3EE98BA6240B2E6D00B53CE9 /* Main.storyboard */,
				3EE98BA9240B2E6D00B53CE9 /* Assets.xcassets */,
				3EE98BAB240B2E6D00B53CE9 /* LaunchScreen.storyboard */,
				3EE98BAE240B2E6D00B53CE9 /* Info.plist */,
			);
			path = timerProject;
			sourceTree = "<group>";
		};
/* End PBXGroup section */

/* Begin PBXNativeTarget section */
		3EE98B9C240B2E6D00B53CE9 /* timerProject */ = {
			isa = PBXNativeTarget;
			buildConfigurationList = 3EE98BB1240B2E6D00B53CE9 /* Build configuration list for PBXNativeTarget "timerProject" */;
			buildPhases = (
				3EE98B99240B2E6D00B53CE9 /* Sources */,
				3EE98B9A240B2E6D00B53CE9 /* Frameworks */,
				3EE98B9B240B2E6D00B53CE9 /* Resources */,
			);
			buildRules = (
			);
			dependencies = (
			);
			name = timerProject;
			productName = timerProject;
			productReference = 3EE98B9D240B2E6D00B53CE9 /* timerProject.app */;
			productType = "com.apple.product-type.application";
		};
/* End PBXNativeTarget section */

/* Begin PBXProject section */
		3EE98B95240B2E6D00B53CE9 /* Project object */ = {
			isa = PBXProject;
			attributes = {
				LastSwiftUpdateCheck = 1130;
				LastUpgradeCheck = 1130;
				ORGANIZATIONNAME = "Mustafa ISIK";
				TargetAttributes = {
					3EE98B9C240B2E6D00B53CE9 = {
						CreatedOnToolsVersion = 11.3.1;
					};
				};
			};
			buildConfigurationList = 3EE98B98240B2E6D00B53CE9 /* Build configuration list for PBXProject "timerProject" */;
			compatibilityVersion = "Xcode 9.3";
			developmentRegion = en;
			hasScannedForEncodings = 0;
			knownRegions = (
				en,
				Base,
			);
			mainGroup = 3EE98B94240B2E6D00B53CE9;
			productRefGroup = 3EE98B9E240B2E6D00B53CE9 /* Products */;
			projectDirPath = "";
			projectRoot = "";
			targets = (
				3EE98B9C240B2E6D00B53CE9 /* timerProject */,
			);
		};
/* End PBXProject section */

/* Begin PBXResourcesBuildPhase section */
		3EE98B9B240B2E6D00B53CE9 /* Resources */ = {
			isa = PBXResourcesBuildPhase;
			buildActionMask = 2147483647;
			files = (
				3EE98BAD240B2E6D00B53CE9 /* LaunchScreen.storyboard in Resources */,
				3EE98BAA240B2E6D00B53CE9 /* Assets.xcassets in Resources */,
				3EE98BA8240B2E6D00B53CE9 /* Main.storyboard in Resources */,
			);
			runOnlyForDeploymentPostprocessing = 0;
		};
/* End PBXResourcesBuildPhase section */

/* Begin PBXSourcesBuildPhase section */
		3EE98B99240B2E6D00B53CE9 /* Sources */ = {
			isa = PBXSourcesBuildPhase;
			buildActionMask = 2147483647;
			files = (
				3EE98BA5240B2E6D00B53CE9 /* ViewController.swift in Sources */,
				3EE98BA1240B2E6D00B53CE9 /* AppDelegate.swift in Sources */,
				3EE98BA3240B2E6D00B53CE9 /* SceneDelegate.swift in Sources */,
			);
			runOnlyForDeploymentPostprocessing = 0;
		};
/* End PBXSourcesBuildPhase section */

/* Begin PBXVariantGroup section */
		3EE98BA6240B2E6D00B53CE9 /* Main.storyboard */ = {
			isa = PBXVariantGroup;
			children = (
				3EE98BA7240B2E6D00B53CE9 /* Base */,
			);
			name = Main.storyboard;
			sourceTree = "<group>";
		};
		3EE98BAB240B2E6D00B53CE9 /* LaunchScreen.storyboard */ = {
			isa = PBXVariantGroup;
			children = (
				3EE98BAC240B2E6D00B53CE9 /* Base */,
			);
			name = LaunchScreen.storyboard;
			sourceTree = "<group>";
		};
/* End PBXVariantGroup section */

/* Begin XCBuildConfiguration section */
		3EE98BAF240B2E6D00B53CE9 /* Debug */ = {
			isa = XCBuildConfiguration;
			buildSettings = {
				ALWAYS_SEARCH_USER_PATHS = NO;
				CLANG_ANALYZER_NONNULL = YES;
				CLANG_ANALYZER_NUMBER_OBJECT_CONVERSION = YES_AGGRESSIVE;
				CLANG_CXX_LANGUAGE_STANDARD = "gnu++14";
				CLANG_CXX_LIBRARY = "libc++";
				CLANG_ENABLE_MODULES = YES;
				CLANG_ENABLE_OBJC_ARC = YES;
				CLANG_ENABLE_OBJC_WEAK = YES;
				CLANG_WARN_BLOCK_CAPTURE_AUTORELEASING = YES;
				CLANG_WARN_BOOL_CONVERSION = YES;
				CLANG_WARN_COMMA = YES;
				CLANG_WARN_CONSTANT_CONVERSION = YES;
				CLANG_WARN_DEPRECATED_OBJC_IMPLEMENTATIONS = YES;
				CLANG_WARN_DIRECT_OBJC_ISA_USAGE = YES_ERROR;
				CLANG_WARN_DOCUMENTATION_COMMENTS = YES;
				CLANG_WARN_EMPTY_BODY = YES;
				CLANG_WARN_ENUM_CONVERSION = YES;
				CLANG_WARN_INFINITE_RECURSION = YES;
				CLANG_WARN_INT_CONVERSION = YES;
				CLANG_WARN_NON_LITERAL_NULL_CONVERSION = YES;
				CLANG_WARN_OBJC_IMPLICIT_RETAIN_SELF = YES;
				CLANG_WARN_OBJC_LITERAL_CONVERSION = YES;
				CLANG_WARN_OBJC_ROOT_CLASS = YES_ERROR;
				CLANG_WARN_RANGE_LOOP_ANALYSIS = YES;
				CLANG_WARN_STRICT_PROTOTYPES = YES;
				CLANG_WARN_SUSPICIOUS_MOVE = YES;
				CLANG_WARN_UNGUARDED_AVAILABILITY = YES_AGGRESSIVE;
				CLANG_WARN_UNREACHABLE_CODE = YES;
				CLANG_WARN__DUPLICATE_METHOD_MATCH = YES;
				COPY_PHASE_STRIP = NO;
				DEBUG_INFORMATION_FORMAT = dwarf;
				ENABLE_STRICT_OBJC_MSGSEND = YES;
				ENABLE_TESTABILITY = YES;
				GCC_C_LANGUAGE_STANDARD = gnu11;
				GCC_DYNAMIC_NO_PIC = NO;
				GCC_NO_COMMON_BLOCKS = YES;
				GCC_OPTIMIZATION_LEVEL = 0;
				GCC_PREPROCESSOR_DEFINITIONS = (
					"DEBUG=1",
					"$(inherited)",
				);
				GCC_WARN_64_TO_32_BIT_CONVERSION = YES;
				GCC_WARN_ABOUT_RETURN_TYPE = YES_ERROR;
				GCC_WARN_UNDECLARED_SELECTOR = YES;
				GCC_WARN_UNINITIALIZED_AUTOS = YES_AGGRESSIVE;
				GCC_WARN_UNUSED_FUNCTION = YES;
				GCC_WARN_UNUSED_VARIABLE = YES;
				IPHONEOS_DEPLOYMENT_TARGET = 13.2;
				MTL_ENABLE_DEBUG_INFO = INCLUDE_SOURCE;
				MTL_FAST_MATH = YES;
				ONLY_ACTIVE_ARCH = YES;
				SDKROOT = iphoneos;
				SWIFT_ACTIVE_COMPILATION_CONDITIONS = DEBUG;
				SWIFT_OPTIMIZATION_LEVEL = "-Onone";
			};
			name = Debug;
		};
		3EE98BB0240B2E6D00B53CE9 /* Release */ = {
			isa = XCBuildConfiguration;
			buildSettings = {
				ALWAYS_SEARCH_USER_PATHS = NO;
				CLANG_ANALYZER_NONNULL = YES;
				CLANG_ANALYZER_NUMBER_OBJECT_CONVERSION = YES_AGGRESSIVE;
				CLANG_CXX_LANGUAGE_STANDARD = "gnu++14";
				CLANG_CXX_LIBRARY = "libc++";
				CLANG_ENABLE_MODULES = YES;
				CLANG_ENABLE_OBJC_ARC = YES;
				CLANG_ENABLE_OBJC_WEAK = YES;
				CLANG_WARN_BLOCK_CAPTURE_AUTORELEASING = YES;
				CLANG_WARN_BOOL_CONVERSION = YES;
				CLANG_WARN_COMMA = YES;
				CLANG_WARN_CONSTANT_CONVERSION = YES;
				CLANG_WARN_DEPRECATED_OBJC_IMPLEMENTATIONS = YES;
				CLANG_WARN_DIRECT_OBJC_ISA_USAGE = YES_ERROR;
				CLANG_WARN_DOCUMENTATION_COMMENTS = YES;
				CLANG_WARN_EMPTY_BODY = YES;
				CLANG_WARN_ENUM_CONVERSION = YES;
				CLANG_WARN_INFINITE_RECURSION = YES;
				CLANG_WARN_INT_CONVERSION = YES;
				CLANG_WARN_NON_LITERAL_NULL_CONVERSION = YES;
				CLANG_WARN_OBJC_IMPLICIT_RETAIN_SELF = YES;
				CLANG_WARN_OBJC_LITERAL_CONVERSION = YES;
				CLANG_WARN_OBJC_ROOT_CLASS = YES_ERROR;
				CLANG_WARN_RANGE_LOOP_ANALYSIS = YES;
				CLANG_WARN_STRICT_PROTOTYPES = YES;
				CLANG_WARN_SUSPICIOUS_MOVE = YES;
				CLANG_WARN_UNGUARDED_AVAILABILITY = YES_AGGRESSIVE;
				CLANG_WARN_UNREACHABLE_CODE = YES;
				CLANG_WARN__DUPLICATE_METHOD_MATCH = YES;
				COPY_PHASE_STRIP = NO;
				DEBUG_INFORMATION_FORMAT = "dwarf-with-dsym";
				ENABLE_NS_ASSERTIONS = NO;
				ENABLE_STRICT_OBJC_MSGSEND = YES;
				GCC_C_LANGUAGE_STANDARD = gnu11;
				GCC_NO_COMMON_BLOCKS = YES;
				GCC_WARN_64_TO_32_BIT_CONVERSION = YES;
				GCC_WARN_ABOUT_RETURN_TYPE = YES_ERROR;
				GCC_WARN_UNDECLARED_SELECTOR = YES;
				GCC_WARN_UNINITIALIZED_AUTOS = YES_AGGRESSIVE;
				GCC_WARN_UNUSED_FUNCTION = YES;
				GCC_WARN_UNUSED_VARIABLE = YES;
				IPHONEOS_DEPLOYMENT_TARGET = 13.2;
				MTL_ENABLE_DEBUG_INFO = NO;
				MTL_FAST_MATH = YES;
				SDKROOT = iphoneos;
				SWIFT_COMPILATION_MODE = wholemodule;
				SWIFT_OPTIMIZATION_LEVEL = "-O";
				VALIDATE_PRODUCT = YES;
			};
			name = Release;
		};
		3EE98BB2240B2E6D00B53CE9 /* Debug */ = {
			isa = XCBuildConfiguration;
			buildSettings = {
				ASSETCATALOG_COMPILER_APPICON_NAME = AppIcon;
				CODE_SIGN_STYLE = Automatic;
				DEVELOPMENT_TEAM = JZS68M3UXG;
				INFOPLIST_FILE = timerProject/Info.plist;
				LD_RUNPATH_SEARCH_PATHS = (
					"$(inherited)",
					"@executable_path/Frameworks",
				);
				PRODUCT_BUNDLE_IDENTIFIER = com.mustafaisik.timerProject;
				PRODUCT_NAME = "$(TARGET_NAME)";
				SWIFT_VERSION = 5.0;
				TARGETED_DEVICE_FAMILY = "1,2";
			};
			name = Debug;
		};
		3EE98BB3240B2E6D00B53CE9 /* Release */ = {
			isa = XCBuildConfiguration;
			buildSettings = {
				ASSETCATALOG_COMPILER_APPICON_NAME = AppIcon;
				CODE_SIGN_STYLE = Automatic;
				DEVELOPMENT_TEAM = JZS68M3UXG;
				INFOPLIST_FILE = timerProject/Info.plist;
				LD_RUNPATH_SEARCH_PATHS = (
					"$(inherited)",
					"@executable_path/Frameworks",
				);
				PRODUCT_BUNDLE_IDENTIFIER = com.mustafaisik.timerProject;
				PRODUCT_NAME = "$(TARGET_NAME)";
				SWIFT_VERSION = 5.0;
				TARGETED_DEVICE_FAMILY = "1,2";
			};
			name = Release;
		};
/* End XCBuildConfiguration section */

/* Begin XCConfigurationList section */
		3EE98B98240B2E6D00B53CE9 /* Build configuration list for PBXProject "timerProject" */ = {
			isa = XCConfigurationList;
			buildConfigurations = (
				3EE98BAF240B2E6D00B53CE9 /* Debug */,
				3EE98BB0240B2E6D00B53CE9 /* Release */,
			);
			defaultConfigurationIsVisible = 0;
			defaultConfigurationName = Release;
		};
		3EE98BB1240B2E6D00B53CE9 /* Build configuration list for PBXNativeTarget "timerProject" */ = {
			isa = XCConfigurationList;
			buildConfigurations = (
				3EE98BB2240B2E6D00B53CE9 /* Debug */,
				3EE98BB3240B2E6D00B53CE9 /* Release */,
			);
			defaultConfigurationIsVisible = 0;
			defaultConfigurationName = Release;
		};
/* End XCConfigurationList section */
	};
	rootObject = 3EE98B95240B2E6D00B53CE9 /* Project object */;
}
