// !$*UTF8*$!
{
	archiveVersion = 1;
	classes = {
	};
	objectVersion = 50;
	objects = {

/* Begin PBXBuildFile section */
		3E00F6CB240AE531004BA08F /* AppDelegate.swift in Sources */ = {isa = PBXBuildFile; fileRef = 3E00F6CA240AE531004BA08F /* AppDelegate.swift */; };
		3E00F6CD240AE531004BA08F /* SceneDelegate.swift in Sources */ = {isa = PBXBuildFile; fileRef = 3E00F6CC240AE531004BA08F /* SceneDelegate.swift */; };
		3E00F6CF240AE531004BA08F /* ViewController.swift in Sources */ = {isa = PBXBuildFile; fileRef = 3E00F6CE240AE531004BA08F /* ViewController.swift */; };
		3E00F6D2240AE531004BA08F /* Main.storyboard in Resources */ = {isa = PBXBuildFile; fileRef = 3E00F6D0240AE531004BA08F /* Main.storyboard */; };
		3E00F6D4240AE533004BA08F /* Assets.xcassets in Resources */ = {isa = PBXBuildFile; fileRef = 3E00F6D3240AE533004BA08F /* Assets.xcassets */; };
		3E00F6D7240AE533004BA08F /* LaunchScreen.storyboard in Resources */ = {isa = PBXBuildFile; fileRef = 3E00F6D5240AE533004BA08F /* LaunchScreen.storyboard */; };
		3E00F6DF240AE6DC004BA08F /* agridagi.jpg in Resources */ = {isa = PBXBuildFile; fileRef = 3E00F6DE240AE6DC004BA08F /* agridagi.jpg */; };
/* End PBXBuildFile section */

/* Begin PBXFileReference section */
		3E00F6C7240AE531004BA08F /* layought.app */ = {isa = PBXFileReference; explicitFileType = wrapper.application; includeInIndex = 0; path = layought.app; sourceTree = BUILT_PRODUCTS_DIR; };
		3E00F6CA240AE531004BA08F /* AppDelegate.swift */ = {isa = PBXFileReference; lastKnownFileType = sourcecode.swift; path = AppDelegate.swift; sourceTree = "<group>"; };
		3E00F6CC240AE531004BA08F /* SceneDelegate.swift */ = {isa = PBXFileReference; lastKnownFileType = sourcecode.swift; path = SceneDelegate.swift; sourceTree = "<group>"; };
		3E00F6CE240AE531004BA08F /* ViewController.swift */ = {isa = PBXFileReference; lastKnownFileType = sourcecode.swift; path = ViewController.swift; sourceTree = "<group>"; };
		3E00F6D1240AE531004BA08F /* Base */ = {isa = PBXFileReference; lastKnownFileType = file.storyboard; name = Base; path = Base.lproj/Main.storyboard; sourceTree = "<group>"; };
		3E00F6D3240AE533004BA08F /* Assets.xcassets */ = {isa = PBXFileReference; lastKnownFileType = folder.assetcatalog; path = Assets.xcassets; sourceTree = "<group>"; };
		3E00F6D6240AE533004BA08F /* Base */ = {isa = PBXFileReference; lastKnownFileType = file.storyboard; name = Base; path = Base.lproj/LaunchScreen.storyboard; sourceTree = "<group>"; };
		3E00F6D8240AE533004BA08F /* Info.plist */ = {isa = PBXFileReference; lastKnownFileType = text.plist.xml; path = Info.plist; sourceTree = "<group>"; };
		3E00F6DE240AE6DC004BA08F /* agridagi.jpg */ = {isa = PBXFileReference; lastKnownFileType = image.jpeg; path = agridagi.jpg; sourceTree = "<group>"; };
/* End PBXFileReference section */

/* Begin PBXFrameworksBuildPhase section */
		3E00F6C4240AE531004BA08F /* Frameworks */ = {
			isa = PBXFrameworksBuildPhase;
			buildActionMask = 2147483647;
			files = (
			);
			runOnlyForDeploymentPostprocessing = 0;
		};
/* End PBXFrameworksBuildPhase section */

/* Begin PBXGroup section */
		3E00F6BE240AE531004BA08F = {
			isa = PBXGroup;
			children = (
				3E00F6C9240AE531004BA08F /* layought */,
				3E00F6C8240AE531004BA08F /* Products */,
			);
			sourceTree = "<group>";
		};
		3E00F6C8240AE531004BA08F /* Products */ = {
			isa = PBXGroup;
			children = (
				3E00F6C7240AE531004BA08F /* layought.app */,
			);
			name = Products;
			sourceTree = "<group>";
		};
		3E00F6C9240AE531004BA08F /* layought */ = {
			isa = PBXGroup;
			children = (
				3E00F6DE240AE6DC004BA08F /* agridagi.jpg */,
				3E00F6CA240AE531004BA08F /* AppDelegate.swift */,
				3E00F6CC240AE531004BA08F /* SceneDelegate.swift */,
				3E00F6CE240AE531004BA08F /* ViewController.swift */,
				3E00F6D0240AE531004BA08F /* Main.storyboard */,
				3E00F6D3240AE533004BA08F /* Assets.xcassets */,
				3E00F6D5240AE533004BA08F /* LaunchScreen.storyboard */,
				3E00F6D8240AE533004BA08F /* Info.plist */,
			);
			path = layought;
			sourceTree = "<group>";
		};
/* End PBXGroup section */

/* Begin PBXNativeTarget section */
		3E00F6C6240AE531004BA08F /* layought */ = {
			isa = PBXNativeTarget;
			buildConfigurationList = 3E00F6DB240AE533004BA08F /* Build configuration list for PBXNativeTarget "layought" */;
			buildPhases = (
				3E00F6C3240AE531004BA08F /* Sources */,
				3E00F6C4240AE531004BA08F /* Frameworks */,
				3E00F6C5240AE531004BA08F /* Resources */,
			);
			buildRules = (
			);
			dependencies = (
			);
			name = layought;
			productName = layought;
			productReference = 3E00F6C7240AE531004BA08F /* layought.app */;
			productType = "com.apple.product-type.application";
		};
/* End PBXNativeTarget section */

/* Begin PBXProject section */
		3E00F6BF240AE531004BA08F /* Project object */ = {
			isa = PBXProject;
			attributes = {
				LastSwiftUpdateCheck = 1130;
				LastUpgradeCheck = 1130;
				ORGANIZATIONNAME = "Mustafa ISIK";
				TargetAttributes = {
					3E00F6C6240AE531004BA08F = {
						CreatedOnToolsVersion = 11.3.1;
					};
				};
			};
			buildConfigurationList = 3E00F6C2240AE531004BA08F /* Build configuration list for PBXProject "layought" */;
			compatibilityVersion = "Xcode 9.3";
			developmentRegion = en;
			hasScannedForEncodings = 0;
			knownRegions = (
				en,
				Base,
			);
			mainGroup = 3E00F6BE240AE531004BA08F;
			productRefGroup = 3E00F6C8240AE531004BA08F /* Products */;
			projectDirPath = "";
			projectRoot = "";
			targets = (
				3E00F6C6240AE531004BA08F /* layought */,
			);
		};
/* End PBXProject section */

/* Begin PBXResourcesBuildPhase section */
		3E00F6C5240AE531004BA08F /* Resources */ = {
			isa = PBXResourcesBuildPhase;
			buildActionMask = 2147483647;
			files = (
				3E00F6D7240AE533004BA08F /* LaunchScreen.storyboard in Resources */,
				3E00F6D4240AE533004BA08F /* Assets.xcassets in Resources */,
				3E00F6D2240AE531004BA08F /* Main.storyboard in Resources */,
				3E00F6DF240AE6DC004BA08F /* agridagi.jpg in Resources */,
			);
			runOnlyForDeploymentPostprocessing = 0;
		};
/* End PBXResourcesBuildPhase section */

/* Begin PBXSourcesBuildPhase section */
		3E00F6C3240AE531004BA08F /* Sources */ = {
			isa = PBXSourcesBuildPhase;
			buildActionMask = 2147483647;
			files = (
				3E00F6CF240AE531004BA08F /* ViewController.swift in Sources */,
				3E00F6CB240AE531004BA08F /* AppDelegate.swift in Sources */,
				3E00F6CD240AE531004BA08F /* SceneDelegate.swift in Sources */,
			);
			runOnlyForDeploymentPostprocessing = 0;
		};
/* End PBXSourcesBuildPhase section */

/* Begin PBXVariantGroup section */
		3E00F6D0240AE531004BA08F /* Main.storyboard */ = {
			isa = PBXVariantGroup;
			children = (
				3E00F6D1240AE531004BA08F /* Base */,
			);
			name = Main.storyboard;
			sourceTree = "<group>";
		};
		3E00F6D5240AE533004BA08F /* LaunchScreen.storyboard */ = {
			isa = PBXVariantGroup;
			children = (
				3E00F6D6240AE533004BA08F /* Base */,
			);
			name = LaunchScreen.storyboard;
			sourceTree = "<group>";
		};
/* End PBXVariantGroup section */

/* Begin XCBuildConfiguration section */
		3E00F6D9240AE533004BA08F /* Debug */ = {
			isa = XCBuildConfiguration;
			buildSettings = {
				ALWAYS_SEARCH_USER_PATHS = NO;
				CLANG_ANALYZER_NONNULL = YES;
				CLANG_ANALYZER_NUMBER_OBJECT_CONVERSION = YES_AGGRESSIVE;
				CLANG_CXX_LANGUAGE_STANDARD = "gnu++14";
				CLANG_CXX_LIBRARY = "libc++";
				CLANG_ENABLE_MODULES = YES;
				CLANG_ENABLE_OBJC_ARC = YES;
				CLANG_ENABLE_OBJC_WEAK = YES;
				CLANG_WARN_BLOCK_CAPTURE_AUTORELEASING = YES;
				CLANG_WARN_BOOL_CONVERSION = YES;
				CLANG_WARN_COMMA = YES;
				CLANG_WARN_CONSTANT_CONVERSION = YES;
				CLANG_WARN_DEPRECATED_OBJC_IMPLEMENTATIONS = YES;
				CLANG_WARN_DIRECT_OBJC_ISA_USAGE = YES_ERROR;
				CLANG_WARN_DOCUMENTATION_COMMENTS = YES;
				CLANG_WARN_EMPTY_BODY = YES;
				CLANG_WARN_ENUM_CONVERSION = YES;
				CLANG_WARN_INFINITE_RECURSION = YES;
				CLANG_WARN_INT_CONVERSION = YES;
				CLANG_WARN_NON_LITERAL_NULL_CONVERSION = YES;
				CLANG_WARN_OBJC_IMPLICIT_RETAIN_SELF = YES;
				CLANG_WARN_OBJC_LITERAL_CONVERSION = YES;
				CLANG_WARN_OBJC_ROOT_CLASS = YES_ERROR;
				CLANG_WARN_RANGE_LOOP_ANALYSIS = YES;
				CLANG_WARN_STRICT_PROTOTYPES = YES;
				CLANG_WARN_SUSPICIOUS_MOVE = YES;
				CLANG_WARN_UNGUARDED_AVAILABILITY = YES_AGGRESSIVE;
				CLANG_WARN_UNREACHABLE_CODE = YES;
				CLANG_WARN__DUPLICATE_METHOD_MATCH = YES;
				COPY_PHASE_STRIP = NO;
				DEBUG_INFORMATION_FORMAT = dwarf;
				ENABLE_STRICT_OBJC_MSGSEND = YES;
				ENABLE_TESTABILITY = YES;
				GCC_C_LANGUAGE_STANDARD = gnu11;
				GCC_DYNAMIC_NO_PIC = NO;
				GCC_NO_COMMON_BLOCKS = YES;
				GCC_OPTIMIZATION_LEVEL = 0;
				GCC_PREPROCESSOR_DEFINITIONS = (
					"DEBUG=1",
					"$(inherited)",
				);
				GCC_WARN_64_TO_32_BIT_CONVERSION = YES;
				GCC_WARN_ABOUT_RETURN_TYPE = YES_ERROR;
				GCC_WARN_UNDECLARED_SELECTOR = YES;
				GCC_WARN_UNINITIALIZED_AUTOS = YES_AGGRESSIVE;
				GCC_WARN_UNUSED_FUNCTION = YES;
				GCC_WARN_UNUSED_VARIABLE = YES;
				IPHONEOS_DEPLOYMENT_TARGET = 13.2;
				MTL_ENABLE_DEBUG_INFO = INCLUDE_SOURCE;
				MTL_FAST_MATH = YES;
				ONLY_ACTIVE_ARCH = YES;
				SDKROOT = iphoneos;
				SWIFT_ACTIVE_COMPILATION_CONDITIONS = DEBUG;
				SWIFT_OPTIMIZATION_LEVEL = "-Onone";
			};
			name = Debug;
		};
		3E00F6DA240AE533004BA08F /* Release */ = {
			isa = XCBuildConfiguration;
			buildSettings = {
				ALWAYS_SEARCH_USER_PATHS = NO;
				CLANG_ANALYZER_NONNULL = YES;
				CLANG_ANALYZER_NUMBER_OBJECT_CONVERSION = YES_AGGRESSIVE;
				CLANG_CXX_LANGUAGE_STANDARD = "gnu++14";
				CLANG_CXX_LIBRARY = "libc++";
				CLANG_ENABLE_MODULES = YES;
				CLANG_ENABLE_OBJC_ARC = YES;
				CLANG_ENABLE_OBJC_WEAK = YES;
				CLANG_WARN_BLOCK_CAPTURE_AUTORELEASING = YES;
				CLANG_WARN_BOOL_CONVERSION = YES;
				CLANG_WARN_COMMA = YES;
				CLANG_WARN_CONSTANT_CONVERSION = YES;
				CLANG_WARN_DEPRECATED_OBJC_IMPLEMENTATIONS = YES;
				CLANG_WARN_DIRECT_OBJC_ISA_USAGE = YES_ERROR;
				CLANG_WARN_DOCUMENTATION_COMMENTS = YES;
				CLANG_WARN_EMPTY_BODY = YES;
				CLANG_WARN_ENUM_CONVERSION = YES;
				CLANG_WARN_INFINITE_RECURSION = YES;
				CLANG_WARN_INT_CONVERSION = YES;
				CLANG_WARN_NON_LITERAL_NULL_CONVERSION = YES;
				CLANG_WARN_OBJC_IMPLICIT_RETAIN_SELF = YES;
				CLANG_WARN_OBJC_LITERAL_CONVERSION = YES;
				CLANG_WARN_OBJC_ROOT_CLASS = YES_ERROR;
				CLANG_WARN_RANGE_LOOP_ANALYSIS = YES;
				CLANG_WARN_STRICT_PROTOTYPES = YES;
				CLANG_WARN_SUSPICIOUS_MOVE = YES;
				CLANG_WARN_UNGUARDED_AVAILABILITY = YES_AGGRESSIVE;
				CLANG_WARN_UNREACHABLE_CODE = YES;
				CLANG_WARN__DUPLICATE_METHOD_MATCH = YES;
				COPY_PHASE_STRIP = NO;
				DEBUG_INFORMATION_FORMAT = "dwarf-with-dsym";
				ENABLE_NS_ASSERTIONS = NO;
				ENABLE_STRICT_OBJC_MSGSEND = YES;
				GCC_C_LANGUAGE_STANDARD = gnu11;
				GCC_NO_COMMON_BLOCKS = YES;
				GCC_WARN_64_TO_32_BIT_CONVERSION = YES;
				GCC_WARN_ABOUT_RETURN_TYPE = YES_ERROR;
				GCC_WARN_UNDECLARED_SELECTOR = YES;
				GCC_WARN_UNINITIALIZED_AUTOS = YES_AGGRESSIVE;
				GCC_WARN_UNUSED_FUNCTION = YES;
				GCC_WARN_UNUSED_VARIABLE = YES;
				IPHONEOS_DEPLOYMENT_TARGET = 13.2;
				MTL_ENABLE_DEBUG_INFO = NO;
				MTL_FAST_MATH = YES;
				SDKROOT = iphoneos;
				SWIFT_COMPILATION_MODE = wholemodule;
				SWIFT_OPTIMIZATION_LEVEL = "-O";
				VALIDATE_PRODUCT = YES;
			};
			name = Release;
		};
		3E00F6DC240AE533004BA08F /* Debug */ = {
			isa = XCBuildConfiguration;
			buildSettings = {
				ASSETCATALOG_COMPILER_APPICON_NAME = AppIcon;
				CODE_SIGN_STYLE = Automatic;
				DEVELOPMENT_TEAM = JZS68M3UXG;
				INFOPLIST_FILE = layought/Info.plist;
				LD_RUNPATH_SEARCH_PATHS = (
					"$(inherited)",
					"@executable_path/Frameworks",
				);
				PRODUCT_BUNDLE_IDENTIFIER = com.mustafaisik.layought;
				PRODUCT_NAME = "$(TARGET_NAME)";
				SWIFT_VERSION = 5.0;
				TARGETED_DEVICE_FAMILY = "1,2";
			};
			name = Debug;
		};
		3E00F6DD240AE533004BA08F /* Release */ = {
			isa = XCBuildConfiguration;
			buildSettings = {
				ASSETCATALOG_COMPILER_APPICON_NAME = AppIcon;
				CODE_SIGN_STYLE = Automatic;
				DEVELOPMENT_TEAM = JZS68M3UXG;
				INFOPLIST_FILE = layought/Info.plist;
				LD_RUNPATH_SEARCH_PATHS = (
					"$(inherited)",
					"@executable_path/Frameworks",
				);
				PRODUCT_BUNDLE_IDENTIFIER = com.mustafaisik.layought;
				PRODUCT_NAME = "$(TARGET_NAME)";
				SWIFT_VERSION = 5.0;
				TARGETED_DEVICE_FAMILY = "1,2";
			};
			name = Release;
		};
/* End XCBuildConfiguration section */

/* Begin XCConfigurationList section */
		3E00F6C2240AE531004BA08F /* Build configuration list for PBXProject "layought" */ = {
			isa = XCConfigurationList;
			buildConfigurations = (
				3E00F6D9240AE533004BA08F /* Debug */,
				3E00F6DA240AE533004BA08F /* Release */,
			);
			defaultConfigurationIsVisible = 0;
			defaultConfigurationName = Release;
		};
		3E00F6DB240AE533004BA08F /* Build configuration list for PBXNativeTarget "layought" */ = {
			isa = XCConfigurationList;
			buildConfigurations = (
				3E00F6DC240AE533004BA08F /* Debug */,
				3E00F6DD240AE533004BA08F /* Release */,
			);
			defaultConfigurationIsVisible = 0;
			defaultConfigurationName = Release;
		};
/* End XCConfigurationList section */
	};
	rootObject = 3E00F6BF240AE531004BA08F /* Project object */;
}
