// !$*UTF8*$!
{
	archiveVersion = 1;
	classes = {
	};
	objectVersion = 50;
	objects = {

/* Begin PBXBuildFile section */
		3EF3B64224080A2400942ED3 /* AppDelegate.swift in Sources */ = {isa = PBXBuildFile; fileRef = 3EF3B64124080A2400942ED3 /* AppDelegate.swift */; };
		3EF3B64424080A2400942ED3 /* SceneDelegate.swift in Sources */ = {isa = PBXBuildFile; fileRef = 3EF3B64324080A2400942ED3 /* SceneDelegate.swift */; };
		3EF3B64624080A2400942ED3 /* ViewController.swift in Sources */ = {isa = PBXBuildFile; fileRef = 3EF3B64524080A2400942ED3 /* ViewController.swift */; };
		3EF3B64924080A2400942ED3 /* Main.storyboard in Resources */ = {isa = PBXBuildFile; fileRef = 3EF3B64724080A2400942ED3 /* Main.storyboard */; };
		3EF3B64B24080A2500942ED3 /* Assets.xcassets in Resources */ = {isa = PBXBuildFile; fileRef = 3EF3B64A24080A2500942ED3 /* Assets.xcassets */; };
		3EF3B64E24080A2500942ED3 /* LaunchScreen.storyboard in Resources */ = {isa = PBXBuildFile; fileRef = 3EF3B64C24080A2500942ED3 /* LaunchScreen.storyboard */; };
		3EF3B6562408901900942ED3 /* imageVievController.swift in Sources */ = {isa = PBXBuildFile; fileRef = 3EF3B6552408901900942ED3 /* imageVievController.swift */; };
/* End PBXBuildFile section */

/* Begin PBXFileReference section */
		3EF3B63E24080A2400942ED3 /* landmarkBook.app */ = {isa = PBXFileReference; explicitFileType = wrapper.application; includeInIndex = 0; path = landmarkBook.app; sourceTree = BUILT_PRODUCTS_DIR; };
		3EF3B64124080A2400942ED3 /* AppDelegate.swift */ = {isa = PBXFileReference; lastKnownFileType = sourcecode.swift; path = AppDelegate.swift; sourceTree = "<group>"; };
		3EF3B64324080A2400942ED3 /* SceneDelegate.swift */ = {isa = PBXFileReference; lastKnownFileType = sourcecode.swift; path = SceneDelegate.swift; sourceTree = "<group>"; };
		3EF3B64524080A2400942ED3 /* ViewController.swift */ = {isa = PBXFileReference; lastKnownFileType = sourcecode.swift; path = ViewController.swift; sourceTree = "<group>"; };
		3EF3B64824080A2400942ED3 /* Base */ = {isa = PBXFileReference; lastKnownFileType = file.storyboard; name = Base; path = Base.lproj/Main.storyboard; sourceTree = "<group>"; };
		3EF3B64A24080A2500942ED3 /* Assets.xcassets */ = {isa = PBXFileReference; lastKnownFileType = folder.assetcatalog; path = Assets.xcassets; sourceTree = "<group>"; };
		3EF3B64D24080A2500942ED3 /* Base */ = {isa = PBXFileReference; lastKnownFileType = file.storyboard; name = Base; path = Base.lproj/LaunchScreen.storyboard; sourceTree = "<group>"; };
		3EF3B64F24080A2500942ED3 /* Info.plist */ = {isa = PBXFileReference; lastKnownFileType = text.plist.xml; path = Info.plist; sourceTree = "<group>"; };
		3EF3B6552408901900942ED3 /* imageVievController.swift */ = {isa = PBXFileReference; lastKnownFileType = sourcecode.swift; path = imageVievController.swift; sourceTree = "<group>"; };
/* End PBXFileReference section */

/* Begin PBXFrameworksBuildPhase section */
		3EF3B63B24080A2400942ED3 /* Frameworks */ = {
			isa = PBXFrameworksBuildPhase;
			buildActionMask = 2147483647;
			files = (
			);
			runOnlyForDeploymentPostprocessing = 0;
		};
/* End PBXFrameworksBuildPhase section */

/* Begin PBXGroup section */
		3EF3B63524080A2400942ED3 = {
			isa = PBXGroup;
			children = (
				3EF3B64024080A2400942ED3 /* landmarkBook */,
				3EF3B63F24080A2400942ED3 /* Products */,
			);
			sourceTree = "<group>";
		};
		3EF3B63F24080A2400942ED3 /* Products */ = {
			isa = PBXGroup;
			children = (
				3EF3B63E24080A2400942ED3 /* landmarkBook.app */,
			);
			name = Products;
			sourceTree = "<group>";
		};
		3EF3B64024080A2400942ED3 /* landmarkBook */ = {
			isa = PBXGroup;
			children = (
				3EF3B64124080A2400942ED3 /* AppDelegate.swift */,
				3EF3B64324080A2400942ED3 /* SceneDelegate.swift */,
				3EF3B64524080A2400942ED3 /* ViewController.swift */,
				3EF3B6552408901900942ED3 /* imageVievController.swift */,
				3EF3B64724080A2400942ED3 /* Main.storyboard */,
				3EF3B64A24080A2500942ED3 /* Assets.xcassets */,
				3EF3B64C24080A2500942ED3 /* LaunchScreen.storyboard */,
				3EF3B64F24080A2500942ED3 /* Info.plist */,
			);
			path = landmarkBook;
			sourceTree = "<group>";
		};
/* End PBXGroup section */

/* Begin PBXNativeTarget section */
		3EF3B63D24080A2400942ED3 /* landmarkBook */ = {
			isa = PBXNativeTarget;
			buildConfigurationList = 3EF3B65224080A2500942ED3 /* Build configuration list for PBXNativeTarget "landmarkBook" */;
			buildPhases = (
				3EF3B63A24080A2400942ED3 /* Sources */,
				3EF3B63B24080A2400942ED3 /* Frameworks */,
				3EF3B63C24080A2400942ED3 /* Resources */,
			);
			buildRules = (
			);
			dependencies = (
			);
			name = landmarkBook;
			productName = landmarkBook;
			productReference = 3EF3B63E24080A2400942ED3 /* landmarkBook.app */;
			productType = "com.apple.product-type.application";
		};
/* End PBXNativeTarget section */

/* Begin PBXProject section */
		3EF3B63624080A2400942ED3 /* Project object */ = {
			isa = PBXProject;
			attributes = {
				LastSwiftUpdateCheck = 1130;
				LastUpgradeCheck = 1130;
				ORGANIZATIONNAME = "Mustafa ISIK";
				TargetAttributes = {
					3EF3B63D24080A2400942ED3 = {
						CreatedOnToolsVersion = 11.3.1;
					};
				};
			};
			buildConfigurationList = 3EF3B63924080A2400942ED3 /* Build configuration list for PBXProject "landmarkBook" */;
			compatibilityVersion = "Xcode 9.3";
			developmentRegion = en;
			hasScannedForEncodings = 0;
			knownRegions = (
				en,
				Base,
			);
			mainGroup = 3EF3B63524080A2400942ED3;
			productRefGroup = 3EF3B63F24080A2400942ED3 /* Products */;
			projectDirPath = "";
			projectRoot = "";
			targets = (
				3EF3B63D24080A2400942ED3 /* landmarkBook */,
			);
		};
/* End PBXProject section */

/* Begin PBXResourcesBuildPhase section */
		3EF3B63C24080A2400942ED3 /* Resources */ = {
			isa = PBXResourcesBuildPhase;
			buildActionMask = 2147483647;
			files = (
				3EF3B64E24080A2500942ED3 /* LaunchScreen.storyboard in Resources */,
				3EF3B64B24080A2500942ED3 /* Assets.xcassets in Resources */,
				3EF3B64924080A2400942ED3 /* Main.storyboard in Resources */,
			);
			runOnlyForDeploymentPostprocessing = 0;
		};
/* End PBXResourcesBuildPhase section */

/* Begin PBXSourcesBuildPhase section */
		3EF3B63A24080A2400942ED3 /* Sources */ = {
			isa = PBXSourcesBuildPhase;
			buildActionMask = 2147483647;
			files = (
				3EF3B64624080A2400942ED3 /* ViewController.swift in Sources */,
				3EF3B6562408901900942ED3 /* imageVievController.swift in Sources */,
				3EF3B64224080A2400942ED3 /* AppDelegate.swift in Sources */,
				3EF3B64424080A2400942ED3 /* SceneDelegate.swift in Sources */,
			);
			runOnlyForDeploymentPostprocessing = 0;
		};
/* End PBXSourcesBuildPhase section */

/* Begin PBXVariantGroup section */
		3EF3B64724080A2400942ED3 /* Main.storyboard */ = {
			isa = PBXVariantGroup;
			children = (
				3EF3B64824080A2400942ED3 /* Base */,
			);
			name = Main.storyboard;
			sourceTree = "<group>";
		};
		3EF3B64C24080A2500942ED3 /* LaunchScreen.storyboard */ = {
			isa = PBXVariantGroup;
			children = (
				3EF3B64D24080A2500942ED3 /* Base */,
			);
			name = LaunchScreen.storyboard;
			sourceTree = "<group>";
		};
/* End PBXVariantGroup section */

/* Begin XCBuildConfiguration section */
		3EF3B65024080A2500942ED3 /* Debug */ = {
			isa = XCBuildConfiguration;
			buildSettings = {
				ALWAYS_SEARCH_USER_PATHS = NO;
				CLANG_ANALYZER_NONNULL = YES;
				CLANG_ANALYZER_NUMBER_OBJECT_CONVERSION = YES_AGGRESSIVE;
				CLANG_CXX_LANGUAGE_STANDARD = "gnu++14";
				CLANG_CXX_LIBRARY = "libc++";
				CLANG_ENABLE_MODULES = YES;
				CLANG_ENABLE_OBJC_ARC = YES;
				CLANG_ENABLE_OBJC_WEAK = YES;
				CLANG_WARN_BLOCK_CAPTURE_AUTORELEASING = YES;
				CLANG_WARN_BOOL_CONVERSION = YES;
				CLANG_WARN_COMMA = YES;
				CLANG_WARN_CONSTANT_CONVERSION = YES;
				CLANG_WARN_DEPRECATED_OBJC_IMPLEMENTATIONS = YES;
				CLANG_WARN_DIRECT_OBJC_ISA_USAGE = YES_ERROR;
				CLANG_WARN_DOCUMENTATION_COMMENTS = YES;
				CLANG_WARN_EMPTY_BODY = YES;
				CLANG_WARN_ENUM_CONVERSION = YES;
				CLANG_WARN_INFINITE_RECURSION = YES;
				CLANG_WARN_INT_CONVERSION = YES;
				CLANG_WARN_NON_LITERAL_NULL_CONVERSION = YES;
				CLANG_WARN_OBJC_IMPLICIT_RETAIN_SELF = YES;
				CLANG_WARN_OBJC_LITERAL_CONVERSION = YES;
				CLANG_WARN_OBJC_ROOT_CLASS = YES_ERROR;
				CLANG_WARN_RANGE_LOOP_ANALYSIS = YES;
				CLANG_WARN_STRICT_PROTOTYPES = YES;
				CLANG_WARN_SUSPICIOUS_MOVE = YES;
				CLANG_WARN_UNGUARDED_AVAILABILITY = YES_AGGRESSIVE;
				CLANG_WARN_UNREACHABLE_CODE = YES;
				CLANG_WARN__DUPLICATE_METHOD_MATCH = YES;
				COPY_PHASE_STRIP = NO;
				DEBUG_INFORMATION_FORMAT = dwarf;
				ENABLE_STRICT_OBJC_MSGSEND = YES;
				ENABLE_TESTABILITY = YES;
				GCC_C_LANGUAGE_STANDARD = gnu11;
				GCC_DYNAMIC_NO_PIC = NO;
				GCC_NO_COMMON_BLOCKS = YES;
				GCC_OPTIMIZATION_LEVEL = 0;
				GCC_PREPROCESSOR_DEFINITIONS = (
					"DEBUG=1",
					"$(inherited)",
				);
				GCC_WARN_64_TO_32_BIT_CONVERSION = YES;
				GCC_WARN_ABOUT_RETURN_TYPE = YES_ERROR;
				GCC_WARN_UNDECLARED_SELECTOR = YES;
				GCC_WARN_UNINITIALIZED_AUTOS = YES_AGGRESSIVE;
				GCC_WARN_UNUSED_FUNCTION = YES;
				GCC_WARN_UNUSED_VARIABLE = YES;
				IPHONEOS_DEPLOYMENT_TARGET = 13.2;
				MTL_ENABLE_DEBUG_INFO = INCLUDE_SOURCE;
				MTL_FAST_MATH = YES;
				ONLY_ACTIVE_ARCH = YES;
				SDKROOT = iphoneos;
				SWIFT_ACTIVE_COMPILATION_CONDITIONS = DEBUG;
				SWIFT_OPTIMIZATION_LEVEL = "-Onone";
			};
			name = Debug;
		};
		3EF3B65124080A2500942ED3 /* Release */ = {
			isa = XCBuildConfiguration;
			buildSettings = {
				ALWAYS_SEARCH_USER_PATHS = NO;
				CLANG_ANALYZER_NONNULL = YES;
				CLANG_ANALYZER_NUMBER_OBJECT_CONVERSION = YES_AGGRESSIVE;
				CLANG_CXX_LANGUAGE_STANDARD = "gnu++14";
				CLANG_CXX_LIBRARY = "libc++";
				CLANG_ENABLE_MODULES = YES;
				CLANG_ENABLE_OBJC_ARC = YES;
				CLANG_ENABLE_OBJC_WEAK = YES;
				CLANG_WARN_BLOCK_CAPTURE_AUTORELEASING = YES;
				CLANG_WARN_BOOL_CONVERSION = YES;
				CLANG_WARN_COMMA = YES;
				CLANG_WARN_CONSTANT_CONVERSION = YES;
				CLANG_WARN_DEPRECATED_OBJC_IMPLEMENTATIONS = YES;
				CLANG_WARN_DIRECT_OBJC_ISA_USAGE = YES_ERROR;
				CLANG_WARN_DOCUMENTATION_COMMENTS = YES;
				CLANG_WARN_EMPTY_BODY = YES;
				CLANG_WARN_ENUM_CONVERSION = YES;
				CLANG_WARN_INFINITE_RECURSION = YES;
				CLANG_WARN_INT_CONVERSION = YES;
				CLANG_WARN_NON_LITERAL_NULL_CONVERSION = YES;
				CLANG_WARN_OBJC_IMPLICIT_RETAIN_SELF = YES;
				CLANG_WARN_OBJC_LITERAL_CONVERSION = YES;
				CLANG_WARN_OBJC_ROOT_CLASS = YES_ERROR;
				CLANG_WARN_RANGE_LOOP_ANALYSIS = YES;
				CLANG_WARN_STRICT_PROTOTYPES = YES;
				CLANG_WARN_SUSPICIOUS_MOVE = YES;
				CLANG_WARN_UNGUARDED_AVAILABILITY = YES_AGGRESSIVE;
				CLANG_WARN_UNREACHABLE_CODE = YES;
				CLANG_WARN__DUPLICATE_METHOD_MATCH = YES;
				COPY_PHASE_STRIP = NO;
				DEBUG_INFORMATION_FORMAT = "dwarf-with-dsym";
				ENABLE_NS_ASSERTIONS = NO;
				ENABLE_STRICT_OBJC_MSGSEND = YES;
				GCC_C_LANGUAGE_STANDARD = gnu11;
				GCC_NO_COMMON_BLOCKS = YES;
				GCC_WARN_64_TO_32_BIT_CONVERSION = YES;
				GCC_WARN_ABOUT_RETURN_TYPE = YES_ERROR;
				GCC_WARN_UNDECLARED_SELECTOR = YES;
				GCC_WARN_UNINITIALIZED_AUTOS = YES_AGGRESSIVE;
				GCC_WARN_UNUSED_FUNCTION = YES;
				GCC_WARN_UNUSED_VARIABLE = YES;
				IPHONEOS_DEPLOYMENT_TARGET = 13.2;
				MTL_ENABLE_DEBUG_INFO = NO;
				MTL_FAST_MATH = YES;
				SDKROOT = iphoneos;
				SWIFT_COMPILATION_MODE = wholemodule;
				SWIFT_OPTIMIZATION_LEVEL = "-O";
				VALIDATE_PRODUCT = YES;
			};
			name = Release;
		};
		3EF3B65324080A2500942ED3 /* Debug */ = {
			isa = XCBuildConfiguration;
			buildSettings = {
				ASSETCATALOG_COMPILER_APPICON_NAME = AppIcon;
				CODE_SIGN_STYLE = Automatic;
				INFOPLIST_FILE = landmarkBook/Info.plist;
				LD_RUNPATH_SEARCH_PATHS = (
					"$(inherited)",
					"@executable_path/Frameworks",
				);
				PRODUCT_BUNDLE_IDENTIFIER = com.mustafaisik.landmarkBook;
				PRODUCT_NAME = "$(TARGET_NAME)";
				SWIFT_VERSION = 5.0;
				TARGETED_DEVICE_FAMILY = "1,2";
			};
			name = Debug;
		};
		3EF3B65424080A2500942ED3 /* Release */ = {
			isa = XCBuildConfiguration;
			buildSettings = {
				ASSETCATALOG_COMPILER_APPICON_NAME = AppIcon;
				CODE_SIGN_STYLE = Automatic;
				INFOPLIST_FILE = landmarkBook/Info.plist;
				LD_RUNPATH_SEARCH_PATHS = (
					"$(inherited)",
					"@executable_path/Frameworks",
				);
				PRODUCT_BUNDLE_IDENTIFIER = com.mustafaisik.landmarkBook;
				PRODUCT_NAME = "$(TARGET_NAME)";
				SWIFT_VERSION = 5.0;
				TARGETED_DEVICE_FAMILY = "1,2";
			};
			name = Release;
		};
/* End XCBuildConfiguration section */

/* Begin XCConfigurationList section */
		3EF3B63924080A2400942ED3 /* Build configuration list for PBXProject "landmarkBook" */ = {
			isa = XCConfigurationList;
			buildConfigurations = (
				3EF3B65024080A2500942ED3 /* Debug */,
				3EF3B65124080A2500942ED3 /* Release */,
			);
			defaultConfigurationIsVisible = 0;
			defaultConfigurationName = Release;
		};
		3EF3B65224080A2500942ED3 /* Build configuration list for PBXNativeTarget "landmarkBook" */ = {
			isa = XCConfigurationList;
			buildConfigurations = (
				3EF3B65324080A2500942ED3 /* Debug */,
				3EF3B65424080A2500942ED3 /* Release */,
			);
			defaultConfigurationIsVisible = 0;
			defaultConfigurationName = Release;
		};
/* End XCConfigurationList section */
	};
	rootObject = 3EF3B63624080A2400942ED3 /* Project object */;
}
