// !$*UTF8*$!
{
	archiveVersion = 1;
	classes = {
	};
	objectVersion = 50;
	objects = {

/* Begin PBXBuildFile section */
		3E200D272416BA8F00B97032 /* AppDelegate.swift in Sources */ = {isa = PBXBuildFile; fileRef = 3E200D262416BA8F00B97032 /* AppDelegate.swift */; };
		3E200D292416BA8F00B97032 /* SceneDelegate.swift in Sources */ = {isa = PBXBuildFile; fileRef = 3E200D282416BA8F00B97032 /* SceneDelegate.swift */; };
		3E200D2B2416BA8F00B97032 /* ViewController.swift in Sources */ = {isa = PBXBuildFile; fileRef = 3E200D2A2416BA8F00B97032 /* ViewController.swift */; };
		3E200D2E2416BA8F00B97032 /* Main.storyboard in Resources */ = {isa = PBXBuildFile; fileRef = 3E200D2C2416BA8F00B97032 /* Main.storyboard */; };
		3E200D302416BA8F00B97032 /* Assets.xcassets in Resources */ = {isa = PBXBuildFile; fileRef = 3E200D2F2416BA8F00B97032 /* Assets.xcassets */; };
		3E200D332416BA8F00B97032 /* LaunchScreen.storyboard in Resources */ = {isa = PBXBuildFile; fileRef = 3E200D312416BA8F00B97032 /* LaunchScreen.storyboard */; };
		3E200D412416BAD700B97032 /* KeyboardViewController.swift in Sources */ = {isa = PBXBuildFile; fileRef = 3E200D402416BAD700B97032 /* KeyboardViewController.swift */; };
		3E200D452416BAD700B97032 /* helloWrold.appex in Embed App Extensions */ = {isa = PBXBuildFile; fileRef = 3E200D3E2416BAD700B97032 /* helloWrold.appex */; settings = {ATTRIBUTES = (RemoveHeadersOnCopy, ); }; };
		3E200D4B2416BCC300B97032 /* swifthero.jpg in Resources */ = {isa = PBXBuildFile; fileRef = 3E200D4A2416BCC300B97032 /* swifthero.jpg */; };
/* End PBXBuildFile section */

/* Begin PBXContainerItemProxy section */
		3E200D432416BAD700B97032 /* PBXContainerItemProxy */ = {
			isa = PBXContainerItemProxy;
			containerPortal = 3E200D1B2416BA8F00B97032 /* Project object */;
			proxyType = 1;
			remoteGlobalIDString = 3E200D3D2416BAD700B97032;
			remoteInfo = helloWrold;
		};
/* End PBXContainerItemProxy section */

/* Begin PBXCopyFilesBuildPhase section */
		3E200D492416BAD700B97032 /* Embed App Extensions */ = {
			isa = PBXCopyFilesBuildPhase;
			buildActionMask = 2147483647;
			dstPath = "";
			dstSubfolderSpec = 13;
			files = (
				3E200D452416BAD700B97032 /* helloWrold.appex in Embed App Extensions */,
			);
			name = "Embed App Extensions";
			runOnlyForDeploymentPostprocessing = 0;
		};
/* End PBXCopyFilesBuildPhase section */

/* Begin PBXFileReference section */
		3E200D232416BA8F00B97032 /* helloWorldKeyboard.app */ = {isa = PBXFileReference; explicitFileType = wrapper.application; includeInIndex = 0; path = helloWorldKeyboard.app; sourceTree = BUILT_PRODUCTS_DIR; };
		3E200D262416BA8F00B97032 /* AppDelegate.swift */ = {isa = PBXFileReference; lastKnownFileType = sourcecode.swift; path = AppDelegate.swift; sourceTree = "<group>"; };
		3E200D282416BA8F00B97032 /* SceneDelegate.swift */ = {isa = PBXFileReference; lastKnownFileType = sourcecode.swift; path = SceneDelegate.swift; sourceTree = "<group>"; };
		3E200D2A2416BA8F00B97032 /* ViewController.swift */ = {isa = PBXFileReference; lastKnownFileType = sourcecode.swift; path = ViewController.swift; sourceTree = "<group>"; };
		3E200D2D2416BA8F00B97032 /* Base */ = {isa = PBXFileReference; lastKnownFileType = file.storyboard; name = Base; path = Base.lproj/Main.storyboard; sourceTree = "<group>"; };
		3E200D2F2416BA8F00B97032 /* Assets.xcassets */ = {isa = PBXFileReference; lastKnownFileType = folder.assetcatalog; path = Assets.xcassets; sourceTree = "<group>"; };
		3E200D322416BA8F00B97032 /* Base */ = {isa = PBXFileReference; lastKnownFileType = file.storyboard; name = Base; path = Base.lproj/LaunchScreen.storyboard; sourceTree = "<group>"; };
		3E200D342416BA8F00B97032 /* Info.plist */ = {isa = PBXFileReference; lastKnownFileType = text.plist.xml; path = Info.plist; sourceTree = "<group>"; };
		3E200D3E2416BAD700B97032 /* helloWrold.appex */ = {isa = PBXFileReference; explicitFileType = "wrapper.app-extension"; includeInIndex = 0; path = helloWrold.appex; sourceTree = BUILT_PRODUCTS_DIR; };
		3E200D402416BAD700B97032 /* KeyboardViewController.swift */ = {isa = PBXFileReference; lastKnownFileType = sourcecode.swift; path = KeyboardViewController.swift; sourceTree = "<group>"; };
		3E200D422416BAD700B97032 /* Info.plist */ = {isa = PBXFileReference; lastKnownFileType = text.plist.xml; path = Info.plist; sourceTree = "<group>"; };
		3E200D4A2416BCC300B97032 /* swifthero.jpg */ = {isa = PBXFileReference; lastKnownFileType = image.jpeg; path = swifthero.jpg; sourceTree = "<group>"; };
/* End PBXFileReference section */

/* Begin PBXFrameworksBuildPhase section */
		3E200D202416BA8F00B97032 /* Frameworks */ = {
			isa = PBXFrameworksBuildPhase;
			buildActionMask = 2147483647;
			files = (
			);
			runOnlyForDeploymentPostprocessing = 0;
		};
		3E200D3B2416BAD700B97032 /* Frameworks */ = {
			isa = PBXFrameworksBuildPhase;
			buildActionMask = 2147483647;
			files = (
			);
			runOnlyForDeploymentPostprocessing = 0;
		};
/* End PBXFrameworksBuildPhase section */

/* Begin PBXGroup section */
		3E200D1A2416BA8F00B97032 = {
			isa = PBXGroup;
			children = (
				3E200D252416BA8F00B97032 /* helloWorldKeyboard */,
				3E200D3F2416BAD700B97032 /* helloWrold */,
				3E200D242416BA8F00B97032 /* Products */,
			);
			sourceTree = "<group>";
		};
		3E200D242416BA8F00B97032 /* Products */ = {
			isa = PBXGroup;
			children = (
				3E200D232416BA8F00B97032 /* helloWorldKeyboard.app */,
				3E200D3E2416BAD700B97032 /* helloWrold.appex */,
			);
			name = Products;
			sourceTree = "<group>";
		};
		3E200D252416BA8F00B97032 /* helloWorldKeyboard */ = {
			isa = PBXGroup;
			children = (
				3E200D262416BA8F00B97032 /* AppDelegate.swift */,
				3E200D282416BA8F00B97032 /* SceneDelegate.swift */,
				3E200D2A2416BA8F00B97032 /* ViewController.swift */,
				3E200D2C2416BA8F00B97032 /* Main.storyboard */,
				3E200D2F2416BA8F00B97032 /* Assets.xcassets */,
				3E200D312416BA8F00B97032 /* LaunchScreen.storyboard */,
				3E200D342416BA8F00B97032 /* Info.plist */,
			);
			path = helloWorldKeyboard;
			sourceTree = "<group>";
		};
		3E200D3F2416BAD700B97032 /* helloWrold */ = {
			isa = PBXGroup;
			children = (
				3E200D4A2416BCC300B97032 /* swifthero.jpg */,
				3E200D402416BAD700B97032 /* KeyboardViewController.swift */,
				3E200D422416BAD700B97032 /* Info.plist */,
			);
			path = helloWrold;
			sourceTree = "<group>";
		};
/* End PBXGroup section */

/* Begin PBXNativeTarget section */
		3E200D222416BA8F00B97032 /* helloWorldKeyboard */ = {
			isa = PBXNativeTarget;
			buildConfigurationList = 3E200D372416BA8F00B97032 /* Build configuration list for PBXNativeTarget "helloWorldKeyboard" */;
			buildPhases = (
				3E200D1F2416BA8F00B97032 /* Sources */,
				3E200D202416BA8F00B97032 /* Frameworks */,
				3E200D212416BA8F00B97032 /* Resources */,
				3E200D492416BAD700B97032 /* Embed App Extensions */,
			);
			buildRules = (
			);
			dependencies = (
				3E200D442416BAD700B97032 /* PBXTargetDependency */,
			);
			name = helloWorldKeyboard;
			productName = helloWorldKeyboard;
			productReference = 3E200D232416BA8F00B97032 /* helloWorldKeyboard.app */;
			productType = "com.apple.product-type.application";
		};
		3E200D3D2416BAD700B97032 /* helloWrold */ = {
			isa = PBXNativeTarget;
			buildConfigurationList = 3E200D462416BAD700B97032 /* Build configuration list for PBXNativeTarget "helloWrold" */;
			buildPhases = (
				3E200D3A2416BAD700B97032 /* Sources */,
				3E200D3B2416BAD700B97032 /* Frameworks */,
				3E200D3C2416BAD700B97032 /* Resources */,
			);
			buildRules = (
			);
			dependencies = (
			);
			name = helloWrold;
			productName = helloWrold;
			productReference = 3E200D3E2416BAD700B97032 /* helloWrold.appex */;
			productType = "com.apple.product-type.app-extension";
		};
/* End PBXNativeTarget section */

/* Begin PBXProject section */
		3E200D1B2416BA8F00B97032 /* Project object */ = {
			isa = PBXProject;
			attributes = {
				LastSwiftUpdateCheck = 1130;
				LastUpgradeCheck = 1130;
				ORGANIZATIONNAME = "Mustafa ISIK";
				TargetAttributes = {
					3E200D222416BA8F00B97032 = {
						CreatedOnToolsVersion = 11.3.1;
					};
					3E200D3D2416BAD700B97032 = {
						CreatedOnToolsVersion = 11.3.1;
					};
				};
			};
			buildConfigurationList = 3E200D1E2416BA8F00B97032 /* Build configuration list for PBXProject "helloWorldKeyboard" */;
			compatibilityVersion = "Xcode 9.3";
			developmentRegion = en;
			hasScannedForEncodings = 0;
			knownRegions = (
				en,
				Base,
			);
			mainGroup = 3E200D1A2416BA8F00B97032;
			productRefGroup = 3E200D242416BA8F00B97032 /* Products */;
			projectDirPath = "";
			projectRoot = "";
			targets = (
				3E200D222416BA8F00B97032 /* helloWorldKeyboard */,
				3E200D3D2416BAD700B97032 /* helloWrold */,
			);
		};
/* End PBXProject section */

/* Begin PBXResourcesBuildPhase section */
		3E200D212416BA8F00B97032 /* Resources */ = {
			isa = PBXResourcesBuildPhase;
			buildActionMask = 2147483647;
			files = (
				3E200D332416BA8F00B97032 /* LaunchScreen.storyboard in Resources */,
				3E200D302416BA8F00B97032 /* Assets.xcassets in Resources */,
				3E200D2E2416BA8F00B97032 /* Main.storyboard in Resources */,
			);
			runOnlyForDeploymentPostprocessing = 0;
		};
		3E200D3C2416BAD700B97032 /* Resources */ = {
			isa = PBXResourcesBuildPhase;
			buildActionMask = 2147483647;
			files = (
				3E200D4B2416BCC300B97032 /* swifthero.jpg in Resources */,
			);
			runOnlyForDeploymentPostprocessing = 0;
		};
/* End PBXResourcesBuildPhase section */

/* Begin PBXSourcesBuildPhase section */
		3E200D1F2416BA8F00B97032 /* Sources */ = {
			isa = PBXSourcesBuildPhase;
			buildActionMask = 2147483647;
			files = (
				3E200D2B2416BA8F00B97032 /* ViewController.swift in Sources */,
				3E200D272416BA8F00B97032 /* AppDelegate.swift in Sources */,
				3E200D292416BA8F00B97032 /* SceneDelegate.swift in Sources */,
			);
			runOnlyForDeploymentPostprocessing = 0;
		};
		3E200D3A2416BAD700B97032 /* Sources */ = {
			isa = PBXSourcesBuildPhase;
			buildActionMask = 2147483647;
			files = (
				3E200D412416BAD700B97032 /* KeyboardViewController.swift in Sources */,
			);
			runOnlyForDeploymentPostprocessing = 0;
		};
/* End PBXSourcesBuildPhase section */

/* Begin PBXTargetDependency section */
		3E200D442416BAD700B97032 /* PBXTargetDependency */ = {
			isa = PBXTargetDependency;
			target = 3E200D3D2416BAD700B97032 /* helloWrold */;
			targetProxy = 3E200D432416BAD700B97032 /* PBXContainerItemProxy */;
		};
/* End PBXTargetDependency section */

/* Begin PBXVariantGroup section */
		3E200D2C2416BA8F00B97032 /* Main.storyboard */ = {
			isa = PBXVariantGroup;
			children = (
				3E200D2D2416BA8F00B97032 /* Base */,
			);
			name = Main.storyboard;
			sourceTree = "<group>";
		};
		3E200D312416BA8F00B97032 /* LaunchScreen.storyboard */ = {
			isa = PBXVariantGroup;
			children = (
				3E200D322416BA8F00B97032 /* Base */,
			);
			name = LaunchScreen.storyboard;
			sourceTree = "<group>";
		};
/* End PBXVariantGroup section */

/* Begin XCBuildConfiguration section */
		3E200D352416BA8F00B97032 /* Debug */ = {
			isa = XCBuildConfiguration;
			buildSettings = {
				ALWAYS_SEARCH_USER_PATHS = NO;
				CLANG_ANALYZER_NONNULL = YES;
				CLANG_ANALYZER_NUMBER_OBJECT_CONVERSION = YES_AGGRESSIVE;
				CLANG_CXX_LANGUAGE_STANDARD = "gnu++14";
				CLANG_CXX_LIBRARY = "libc++";
				CLANG_ENABLE_MODULES = YES;
				CLANG_ENABLE_OBJC_ARC = YES;
				CLANG_ENABLE_OBJC_WEAK = YES;
				CLANG_WARN_BLOCK_CAPTURE_AUTORELEASING = YES;
				CLANG_WARN_BOOL_CONVERSION = YES;
				CLANG_WARN_COMMA = YES;
				CLANG_WARN_CONSTANT_CONVERSION = YES;
				CLANG_WARN_DEPRECATED_OBJC_IMPLEMENTATIONS = YES;
				CLANG_WARN_DIRECT_OBJC_ISA_USAGE = YES_ERROR;
				CLANG_WARN_DOCUMENTATION_COMMENTS = YES;
				CLANG_WARN_EMPTY_BODY = YES;
				CLANG_WARN_ENUM_CONVERSION = YES;
				CLANG_WARN_INFINITE_RECURSION = YES;
				CLANG_WARN_INT_CONVERSION = YES;
				CLANG_WARN_NON_LITERAL_NULL_CONVERSION = YES;
				CLANG_WARN_OBJC_IMPLICIT_RETAIN_SELF = YES;
				CLANG_WARN_OBJC_LITERAL_CONVERSION = YES;
				CLANG_WARN_OBJC_ROOT_CLASS = YES_ERROR;
				CLANG_WARN_RANGE_LOOP_ANALYSIS = YES;
				CLANG_WARN_STRICT_PROTOTYPES = YES;
				CLANG_WARN_SUSPICIOUS_MOVE = YES;
				CLANG_WARN_UNGUARDED_AVAILABILITY = YES_AGGRESSIVE;
				CLANG_WARN_UNREACHABLE_CODE = YES;
				CLANG_WARN__DUPLICATE_METHOD_MATCH = YES;
				COPY_PHASE_STRIP = NO;
				DEBUG_INFORMATION_FORMAT = dwarf;
				ENABLE_STRICT_OBJC_MSGSEND = YES;
				ENABLE_TESTABILITY = YES;
				GCC_C_LANGUAGE_STANDARD = gnu11;
				GCC_DYNAMIC_NO_PIC = NO;
				GCC_NO_COMMON_BLOCKS = YES;
				GCC_OPTIMIZATION_LEVEL = 0;
				GCC_PREPROCESSOR_DEFINITIONS = (
					"DEBUG=1",
					"$(inherited)",
				);
				GCC_WARN_64_TO_32_BIT_CONVERSION = YES;
				GCC_WARN_ABOUT_RETURN_TYPE = YES_ERROR;
				GCC_WARN_UNDECLARED_SELECTOR = YES;
				GCC_WARN_UNINITIALIZED_AUTOS = YES_AGGRESSIVE;
				GCC_WARN_UNUSED_FUNCTION = YES;
				GCC_WARN_UNUSED_VARIABLE = YES;
				IPHONEOS_DEPLOYMENT_TARGET = 13.2;
				MTL_ENABLE_DEBUG_INFO = INCLUDE_SOURCE;
				MTL_FAST_MATH = YES;
				ONLY_ACTIVE_ARCH = YES;
				SDKROOT = iphoneos;
				SWIFT_ACTIVE_COMPILATION_CONDITIONS = DEBUG;
				SWIFT_OPTIMIZATION_LEVEL = "-Onone";
			};
			name = Debug;
		};
		3E200D362416BA8F00B97032 /* Release */ = {
			isa = XCBuildConfiguration;
			buildSettings = {
				ALWAYS_SEARCH_USER_PATHS = NO;
				CLANG_ANALYZER_NONNULL = YES;
				CLANG_ANALYZER_NUMBER_OBJECT_CONVERSION = YES_AGGRESSIVE;
				CLANG_CXX_LANGUAGE_STANDARD = "gnu++14";
				CLANG_CXX_LIBRARY = "libc++";
				CLANG_ENABLE_MODULES = YES;
				CLANG_ENABLE_OBJC_ARC = YES;
				CLANG_ENABLE_OBJC_WEAK = YES;
				CLANG_WARN_BLOCK_CAPTURE_AUTORELEASING = YES;
				CLANG_WARN_BOOL_CONVERSION = YES;
				CLANG_WARN_COMMA = YES;
				CLANG_WARN_CONSTANT_CONVERSION = YES;
				CLANG_WARN_DEPRECATED_OBJC_IMPLEMENTATIONS = YES;
				CLANG_WARN_DIRECT_OBJC_ISA_USAGE = YES_ERROR;
				CLANG_WARN_DOCUMENTATION_COMMENTS = YES;
				CLANG_WARN_EMPTY_BODY = YES;
				CLANG_WARN_ENUM_CONVERSION = YES;
				CLANG_WARN_INFINITE_RECURSION = YES;
				CLANG_WARN_INT_CONVERSION = YES;
				CLANG_WARN_NON_LITERAL_NULL_CONVERSION = YES;
				CLANG_WARN_OBJC_IMPLICIT_RETAIN_SELF = YES;
				CLANG_WARN_OBJC_LITERAL_CONVERSION = YES;
				CLANG_WARN_OBJC_ROOT_CLASS = YES_ERROR;
				CLANG_WARN_RANGE_LOOP_ANALYSIS = YES;
				CLANG_WARN_STRICT_PROTOTYPES = YES;
				CLANG_WARN_SUSPICIOUS_MOVE = YES;
				CLANG_WARN_UNGUARDED_AVAILABILITY = YES_AGGRESSIVE;
				CLANG_WARN_UNREACHABLE_CODE = YES;
				CLANG_WARN__DUPLICATE_METHOD_MATCH = YES;
				COPY_PHASE_STRIP = NO;
				DEBUG_INFORMATION_FORMAT = "dwarf-with-dsym";
				ENABLE_NS_ASSERTIONS = NO;
				ENABLE_STRICT_OBJC_MSGSEND = YES;
				GCC_C_LANGUAGE_STANDARD = gnu11;
				GCC_NO_COMMON_BLOCKS = YES;
				GCC_WARN_64_TO_32_BIT_CONVERSION = YES;
				GCC_WARN_ABOUT_RETURN_TYPE = YES_ERROR;
				GCC_WARN_UNDECLARED_SELECTOR = YES;
				GCC_WARN_UNINITIALIZED_AUTOS = YES_AGGRESSIVE;
				GCC_WARN_UNUSED_FUNCTION = YES;
				GCC_WARN_UNUSED_VARIABLE = YES;
				IPHONEOS_DEPLOYMENT_TARGET = 13.2;
				MTL_ENABLE_DEBUG_INFO = NO;
				MTL_FAST_MATH = YES;
				SDKROOT = iphoneos;
				SWIFT_COMPILATION_MODE = wholemodule;
				SWIFT_OPTIMIZATION_LEVEL = "-O";
				VALIDATE_PRODUCT = YES;
			};
			name = Release;
		};
		3E200D382416BA8F00B97032 /* Debug */ = {
			isa = XCBuildConfiguration;
			buildSettings = {
				ALWAYS_EMBED_SWIFT_STANDARD_LIBRARIES = YES;
				ASSETCATALOG_COMPILER_APPICON_NAME = AppIcon;
				CODE_SIGN_STYLE = Automatic;
				DEVELOPMENT_TEAM = JZS68M3UXG;
				INFOPLIST_FILE = helloWorldKeyboard/Info.plist;
				LD_RUNPATH_SEARCH_PATHS = (
					"$(inherited)",
					"@executable_path/Frameworks",
				);
				PRODUCT_BUNDLE_IDENTIFIER = com.mustafaisik.helloWorldKeyboard;
				PRODUCT_NAME = "$(TARGET_NAME)";
				SWIFT_VERSION = 5.0;
				TARGETED_DEVICE_FAMILY = "1,2";
			};
			name = Debug;
		};
		3E200D392416BA8F00B97032 /* Release */ = {
			isa = XCBuildConfiguration;
			buildSettings = {
				ALWAYS_EMBED_SWIFT_STANDARD_LIBRARIES = YES;
				ASSETCATALOG_COMPILER_APPICON_NAME = AppIcon;
				CODE_SIGN_STYLE = Automatic;
				DEVELOPMENT_TEAM = JZS68M3UXG;
				INFOPLIST_FILE = helloWorldKeyboard/Info.plist;
				LD_RUNPATH_SEARCH_PATHS = (
					"$(inherited)",
					"@executable_path/Frameworks",
				);
				PRODUCT_BUNDLE_IDENTIFIER = com.mustafaisik.helloWorldKeyboard;
				PRODUCT_NAME = "$(TARGET_NAME)";
				SWIFT_VERSION = 5.0;
				TARGETED_DEVICE_FAMILY = "1,2";
			};
			name = Release;
		};
		3E200D472416BAD700B97032 /* Debug */ = {
			isa = XCBuildConfiguration;
			buildSettings = {
				CODE_SIGN_STYLE = Automatic;
				DEVELOPMENT_TEAM = JZS68M3UXG;
				INFOPLIST_FILE = helloWrold/Info.plist;
				LD_RUNPATH_SEARCH_PATHS = (
					"$(inherited)",
					"@executable_path/Frameworks",
					"@executable_path/../../Frameworks",
				);
				PRODUCT_BUNDLE_IDENTIFIER = com.mustafaisik.helloWorldKeyboard.helloWrold;
				PRODUCT_NAME = "$(TARGET_NAME)";
				SKIP_INSTALL = YES;
				SWIFT_VERSION = 5.0;
				TARGETED_DEVICE_FAMILY = "1,2";
			};
			name = Debug;
		};
		3E200D482416BAD700B97032 /* Release */ = {
			isa = XCBuildConfiguration;
			buildSettings = {
				CODE_SIGN_STYLE = Automatic;
				DEVELOPMENT_TEAM = JZS68M3UXG;
				INFOPLIST_FILE = helloWrold/Info.plist;
				LD_RUNPATH_SEARCH_PATHS = (
					"$(inherited)",
					"@executable_path/Frameworks",
					"@executable_path/../../Frameworks",
				);
				PRODUCT_BUNDLE_IDENTIFIER = com.mustafaisik.helloWorldKeyboard.helloWrold;
				PRODUCT_NAME = "$(TARGET_NAME)";
				SKIP_INSTALL = YES;
				SWIFT_VERSION = 5.0;
				TARGETED_DEVICE_FAMILY = "1,2";
			};
			name = Release;
		};
/* End XCBuildConfiguration section */

/* Begin XCConfigurationList section */
		3E200D1E2416BA8F00B97032 /* Build configuration list for PBXProject "helloWorldKeyboard" */ = {
			isa = XCConfigurationList;
			buildConfigurations = (
				3E200D352416BA8F00B97032 /* Debug */,
				3E200D362416BA8F00B97032 /* Release */,
			);
			defaultConfigurationIsVisible = 0;
			defaultConfigurationName = Release;
		};
		3E200D372416BA8F00B97032 /* Build configuration list for PBXNativeTarget "helloWorldKeyboard" */ = {
			isa = XCConfigurationList;
			buildConfigurations = (
				3E200D382416BA8F00B97032 /* Debug */,
				3E200D392416BA8F00B97032 /* Release */,
			);
			defaultConfigurationIsVisible = 0;
			defaultConfigurationName = Release;
		};
		3E200D462416BAD700B97032 /* Build configuration list for PBXNativeTarget "helloWrold" */ = {
			isa = XCConfigurationList;
			buildConfigurations = (
				3E200D472416BAD700B97032 /* Debug */,
				3E200D482416BAD700B97032 /* Release */,
			);
			defaultConfigurationIsVisible = 0;
			defaultConfigurationName = Release;
		};
/* End XCConfigurationList section */
	};
	rootObject = 3E200D1B2416BA8F00B97032 /* Project object */;
}
