// !$*UTF8*$!
{
	archiveVersion = 1;
	classes = {
	};
	objectVersion = 50;
	objects = {

/* Begin PBXBuildFile section */
		3E0F3D16240E8A1300AA7A40 /* AppDelegate.swift in Sources */ = {isa = PBXBuildFile; fileRef = 3E0F3D15240E8A1300AA7A40 /* AppDelegate.swift */; };
		3E0F3D18240E8A1300AA7A40 /* SceneDelegate.swift in Sources */ = {isa = PBXBuildFile; fileRef = 3E0F3D17240E8A1300AA7A40 /* SceneDelegate.swift */; };
		3E0F3D1A240E8A1300AA7A40 /* ViewController.swift in Sources */ = {isa = PBXBuildFile; fileRef = 3E0F3D19240E8A1300AA7A40 /* ViewController.swift */; };
		3E0F3D1D240E8A1300AA7A40 /* Main.storyboard in Resources */ = {isa = PBXBuildFile; fileRef = 3E0F3D1B240E8A1300AA7A40 /* Main.storyboard */; };
		3E0F3D1F240E8A1400AA7A40 /* Assets.xcassets in Resources */ = {isa = PBXBuildFile; fileRef = 3E0F3D1E240E8A1400AA7A40 /* Assets.xcassets */; };
		3E0F3D22240E8A1400AA7A40 /* LaunchScreen.storyboard in Resources */ = {isa = PBXBuildFile; fileRef = 3E0F3D20240E8A1400AA7A40 /* LaunchScreen.storyboard */; };
		3E0F3D2A240E8B0D00AA7A40 /* detailsVC.swift in Sources */ = {isa = PBXBuildFile; fileRef = 3E0F3D29240E8B0D00AA7A40 /* detailsVC.swift */; };
		3E0F3D2E240E900E00AA7A40 /* Simpson.swift in Sources */ = {isa = PBXBuildFile; fileRef = 3E0F3D2D240E900E00AA7A40 /* Simpson.swift */; };
/* End PBXBuildFile section */

/* Begin PBXFileReference section */
		3E0F3D12240E8A1300AA7A40 /* simpsonBook.app */ = {isa = PBXFileReference; explicitFileType = wrapper.application; includeInIndex = 0; path = simpsonBook.app; sourceTree = BUILT_PRODUCTS_DIR; };
		3E0F3D15240E8A1300AA7A40 /* AppDelegate.swift */ = {isa = PBXFileReference; lastKnownFileType = sourcecode.swift; path = AppDelegate.swift; sourceTree = "<group>"; };
		3E0F3D17240E8A1300AA7A40 /* SceneDelegate.swift */ = {isa = PBXFileReference; lastKnownFileType = sourcecode.swift; path = SceneDelegate.swift; sourceTree = "<group>"; };
		3E0F3D19240E8A1300AA7A40 /* ViewController.swift */ = {isa = PBXFileReference; lastKnownFileType = sourcecode.swift; path = ViewController.swift; sourceTree = "<group>"; };
		3E0F3D1C240E8A1300AA7A40 /* Base */ = {isa = PBXFileReference; lastKnownFileType = file.storyboard; name = Base; path = Base.lproj/Main.storyboard; sourceTree = "<group>"; };
		3E0F3D1E240E8A1400AA7A40 /* Assets.xcassets */ = {isa = PBXFileReference; lastKnownFileType = folder.assetcatalog; path = Assets.xcassets; sourceTree = "<group>"; };
		3E0F3D21240E8A1400AA7A40 /* Base */ = {isa = PBXFileReference; lastKnownFileType = file.storyboard; name = Base; path = Base.lproj/LaunchScreen.storyboard; sourceTree = "<group>"; };
		3E0F3D23240E8A1400AA7A40 /* Info.plist */ = {isa = PBXFileReference; lastKnownFileType = text.plist.xml; path = Info.plist; sourceTree = "<group>"; };
		3E0F3D29240E8B0D00AA7A40 /* detailsVC.swift */ = {isa = PBXFileReference; lastKnownFileType = sourcecode.swift; path = detailsVC.swift; sourceTree = "<group>"; };
		3E0F3D2D240E900E00AA7A40 /* Simpson.swift */ = {isa = PBXFileReference; lastKnownFileType = sourcecode.swift; path = Simpson.swift; sourceTree = "<group>"; };
/* End PBXFileReference section */

/* Begin PBXFrameworksBuildPhase section */
		3E0F3D0F240E8A1300AA7A40 /* Frameworks */ = {
			isa = PBXFrameworksBuildPhase;
			buildActionMask = 2147483647;
			files = (
			);
			runOnlyForDeploymentPostprocessing = 0;
		};
/* End PBXFrameworksBuildPhase section */

/* Begin PBXGroup section */
		3E0F3D09240E8A1300AA7A40 = {
			isa = PBXGroup;
			children = (
				3E0F3D14240E8A1300AA7A40 /* simpsonBook */,
				3E0F3D13240E8A1300AA7A40 /* Products */,
			);
			sourceTree = "<group>";
		};
		3E0F3D13240E8A1300AA7A40 /* Products */ = {
			isa = PBXGroup;
			children = (
				3E0F3D12240E8A1300AA7A40 /* simpsonBook.app */,
			);
			name = Products;
			sourceTree = "<group>";
		};
		3E0F3D14240E8A1300AA7A40 /* simpsonBook */ = {
			isa = PBXGroup;
			children = (
				3E0F3D15240E8A1300AA7A40 /* AppDelegate.swift */,
				3E0F3D17240E8A1300AA7A40 /* SceneDelegate.swift */,
				3E0F3D19240E8A1300AA7A40 /* ViewController.swift */,
				3E0F3D2D240E900E00AA7A40 /* Simpson.swift */,
				3E0F3D29240E8B0D00AA7A40 /* detailsVC.swift */,
				3E0F3D1B240E8A1300AA7A40 /* Main.storyboard */,
				3E0F3D1E240E8A1400AA7A40 /* Assets.xcassets */,
				3E0F3D20240E8A1400AA7A40 /* LaunchScreen.storyboard */,
				3E0F3D23240E8A1400AA7A40 /* Info.plist */,
			);
			path = simpsonBook;
			sourceTree = "<group>";
		};
/* End PBXGroup section */

/* Begin PBXNativeTarget section */
		3E0F3D11240E8A1300AA7A40 /* simpsonBook */ = {
			isa = PBXNativeTarget;
			buildConfigurationList = 3E0F3D26240E8A1400AA7A40 /* Build configuration list for PBXNativeTarget "simpsonBook" */;
			buildPhases = (
				3E0F3D0E240E8A1300AA7A40 /* Sources */,
				3E0F3D0F240E8A1300AA7A40 /* Frameworks */,
				3E0F3D10240E8A1300AA7A40 /* Resources */,
			);
			buildRules = (
			);
			dependencies = (
			);
			name = simpsonBook;
			productName = simpsonBook;
			productReference = 3E0F3D12240E8A1300AA7A40 /* simpsonBook.app */;
			productType = "com.apple.product-type.application";
		};
/* End PBXNativeTarget section */

/* Begin PBXProject section */
		3E0F3D0A240E8A1300AA7A40 /* Project object */ = {
			isa = PBXProject;
			attributes = {
				LastSwiftUpdateCheck = 1130;
				LastUpgradeCheck = 1130;
				ORGANIZATIONNAME = "Mustafa ISIK";
				TargetAttributes = {
					3E0F3D11240E8A1300AA7A40 = {
						CreatedOnToolsVersion = 11.3.1;
					};
				};
			};
			buildConfigurationList = 3E0F3D0D240E8A1300AA7A40 /* Build configuration list for PBXProject "simpsonBook" */;
			compatibilityVersion = "Xcode 9.3";
			developmentRegion = en;
			hasScannedForEncodings = 0;
			knownRegions = (
				en,
				Base,
			);
			mainGroup = 3E0F3D09240E8A1300AA7A40;
			productRefGroup = 3E0F3D13240E8A1300AA7A40 /* Products */;
			projectDirPath = "";
			projectRoot = "";
			targets = (
				3E0F3D11240E8A1300AA7A40 /* simpsonBook */,
			);
		};
/* End PBXProject section */

/* Begin PBXResourcesBuildPhase section */
		3E0F3D10240E8A1300AA7A40 /* Resources */ = {
			isa = PBXResourcesBuildPhase;
			buildActionMask = 2147483647;
			files = (
				3E0F3D22240E8A1400AA7A40 /* LaunchScreen.storyboard in Resources */,
				3E0F3D1F240E8A1400AA7A40 /* Assets.xcassets in Resources */,
				3E0F3D1D240E8A1300AA7A40 /* Main.storyboard in Resources */,
			);
			runOnlyForDeploymentPostprocessing = 0;
		};
/* End PBXResourcesBuildPhase section */

/* Begin PBXSourcesBuildPhase section */
		3E0F3D0E240E8A1300AA7A40 /* Sources */ = {
			isa = PBXSourcesBuildPhase;
			buildActionMask = 2147483647;
			files = (
				3E0F3D1A240E8A1300AA7A40 /* ViewController.swift in Sources */,
				3E0F3D2A240E8B0D00AA7A40 /* detailsVC.swift in Sources */,
				3E0F3D16240E8A1300AA7A40 /* AppDelegate.swift in Sources */,
				3E0F3D18240E8A1300AA7A40 /* SceneDelegate.swift in Sources */,
				3E0F3D2E240E900E00AA7A40 /* Simpson.swift in Sources */,
			);
			runOnlyForDeploymentPostprocessing = 0;
		};
/* End PBXSourcesBuildPhase section */

/* Begin PBXVariantGroup section */
		3E0F3D1B240E8A1300AA7A40 /* Main.storyboard */ = {
			isa = PBXVariantGroup;
			children = (
				3E0F3D1C240E8A1300AA7A40 /* Base */,
			);
			name = Main.storyboard;
			sourceTree = "<group>";
		};
		3E0F3D20240E8A1400AA7A40 /* LaunchScreen.storyboard */ = {
			isa = PBXVariantGroup;
			children = (
				3E0F3D21240E8A1400AA7A40 /* Base */,
			);
			name = LaunchScreen.storyboard;
			sourceTree = "<group>";
		};
/* End PBXVariantGroup section */

/* Begin XCBuildConfiguration section */
		3E0F3D24240E8A1400AA7A40 /* Debug */ = {
			isa = XCBuildConfiguration;
			buildSettings = {
				ALWAYS_SEARCH_USER_PATHS = NO;
				CLANG_ANALYZER_NONNULL = YES;
				CLANG_ANALYZER_NUMBER_OBJECT_CONVERSION = YES_AGGRESSIVE;
				CLANG_CXX_LANGUAGE_STANDARD = "gnu++14";
				CLANG_CXX_LIBRARY = "libc++";
				CLANG_ENABLE_MODULES = YES;
				CLANG_ENABLE_OBJC_ARC = YES;
				CLANG_ENABLE_OBJC_WEAK = YES;
				CLANG_WARN_BLOCK_CAPTURE_AUTORELEASING = YES;
				CLANG_WARN_BOOL_CONVERSION = YES;
				CLANG_WARN_COMMA = YES;
				CLANG_WARN_CONSTANT_CONVERSION = YES;
				CLANG_WARN_DEPRECATED_OBJC_IMPLEMENTATIONS = YES;
				CLANG_WARN_DIRECT_OBJC_ISA_USAGE = YES_ERROR;
				CLANG_WARN_DOCUMENTATION_COMMENTS = YES;
				CLANG_WARN_EMPTY_BODY = YES;
				CLANG_WARN_ENUM_CONVERSION = YES;
				CLANG_WARN_INFINITE_RECURSION = YES;
				CLANG_WARN_INT_CONVERSION = YES;
				CLANG_WARN_NON_LITERAL_NULL_CONVERSION = YES;
				CLANG_WARN_OBJC_IMPLICIT_RETAIN_SELF = YES;
				CLANG_WARN_OBJC_LITERAL_CONVERSION = YES;
				CLANG_WARN_OBJC_ROOT_CLASS = YES_ERROR;
				CLANG_WARN_RANGE_LOOP_ANALYSIS = YES;
				CLANG_WARN_STRICT_PROTOTYPES = YES;
				CLANG_WARN_SUSPICIOUS_MOVE = YES;
				CLANG_WARN_UNGUARDED_AVAILABILITY = YES_AGGRESSIVE;
				CLANG_WARN_UNREACHABLE_CODE = YES;
				CLANG_WARN__DUPLICATE_METHOD_MATCH = YES;
				COPY_PHASE_STRIP = NO;
				DEBUG_INFORMATION_FORMAT = dwarf;
				ENABLE_STRICT_OBJC_MSGSEND = YES;
				ENABLE_TESTABILITY = YES;
				GCC_C_LANGUAGE_STANDARD = gnu11;
				GCC_DYNAMIC_NO_PIC = NO;
				GCC_NO_COMMON_BLOCKS = YES;
				GCC_OPTIMIZATION_LEVEL = 0;
				GCC_PREPROCESSOR_DEFINITIONS = (
					"DEBUG=1",
					"$(inherited)",
				);
				GCC_WARN_64_TO_32_BIT_CONVERSION = YES;
				GCC_WARN_ABOUT_RETURN_TYPE = YES_ERROR;
				GCC_WARN_UNDECLARED_SELECTOR = YES;
				GCC_WARN_UNINITIALIZED_AUTOS = YES_AGGRESSIVE;
				GCC_WARN_UNUSED_FUNCTION = YES;
				GCC_WARN_UNUSED_VARIABLE = YES;
				IPHONEOS_DEPLOYMENT_TARGET = 13.2;
				MTL_ENABLE_DEBUG_INFO = INCLUDE_SOURCE;
				MTL_FAST_MATH = YES;
				ONLY_ACTIVE_ARCH = YES;
				SDKROOT = iphoneos;
				SWIFT_ACTIVE_COMPILATION_CONDITIONS = DEBUG;
				SWIFT_OPTIMIZATION_LEVEL = "-Onone";
			};
			name = Debug;
		};
		3E0F3D25240E8A1400AA7A40 /* Release */ = {
			isa = XCBuildConfiguration;
			buildSettings = {
				ALWAYS_SEARCH_USER_PATHS = NO;
				CLANG_ANALYZER_NONNULL = YES;
				CLANG_ANALYZER_NUMBER_OBJECT_CONVERSION = YES_AGGRESSIVE;
				CLANG_CXX_LANGUAGE_STANDARD = "gnu++14";
				CLANG_CXX_LIBRARY = "libc++";
				CLANG_ENABLE_MODULES = YES;
				CLANG_ENABLE_OBJC_ARC = YES;
				CLANG_ENABLE_OBJC_WEAK = YES;
				CLANG_WARN_BLOCK_CAPTURE_AUTORELEASING = YES;
				CLANG_WARN_BOOL_CONVERSION = YES;
				CLANG_WARN_COMMA = YES;
				CLANG_WARN_CONSTANT_CONVERSION = YES;
				CLANG_WARN_DEPRECATED_OBJC_IMPLEMENTATIONS = YES;
				CLANG_WARN_DIRECT_OBJC_ISA_USAGE = YES_ERROR;
				CLANG_WARN_DOCUMENTATION_COMMENTS = YES;
				CLANG_WARN_EMPTY_BODY = YES;
				CLANG_WARN_ENUM_CONVERSION = YES;
				CLANG_WARN_INFINITE_RECURSION = YES;
				CLANG_WARN_INT_CONVERSION = YES;
				CLANG_WARN_NON_LITERAL_NULL_CONVERSION = YES;
				CLANG_WARN_OBJC_IMPLICIT_RETAIN_SELF = YES;
				CLANG_WARN_OBJC_LITERAL_CONVERSION = YES;
				CLANG_WARN_OBJC_ROOT_CLASS = YES_ERROR;
				CLANG_WARN_RANGE_LOOP_ANALYSIS = YES;
				CLANG_WARN_STRICT_PROTOTYPES = YES;
				CLANG_WARN_SUSPICIOUS_MOVE = YES;
				CLANG_WARN_UNGUARDED_AVAILABILITY = YES_AGGRESSIVE;
				CLANG_WARN_UNREACHABLE_CODE = YES;
				CLANG_WARN__DUPLICATE_METHOD_MATCH = YES;
				COPY_PHASE_STRIP = NO;
				DEBUG_INFORMATION_FORMAT = "dwarf-with-dsym";
				ENABLE_NS_ASSERTIONS = NO;
				ENABLE_STRICT_OBJC_MSGSEND = YES;
				GCC_C_LANGUAGE_STANDARD = gnu11;
				GCC_NO_COMMON_BLOCKS = YES;
				GCC_WARN_64_TO_32_BIT_CONVERSION = YES;
				GCC_WARN_ABOUT_RETURN_TYPE = YES_ERROR;
				GCC_WARN_UNDECLARED_SELECTOR = YES;
				GCC_WARN_UNINITIALIZED_AUTOS = YES_AGGRESSIVE;
				GCC_WARN_UNUSED_FUNCTION = YES;
				GCC_WARN_UNUSED_VARIABLE = YES;
				IPHONEOS_DEPLOYMENT_TARGET = 13.2;
				MTL_ENABLE_DEBUG_INFO = NO;
				MTL_FAST_MATH = YES;
				SDKROOT = iphoneos;
				SWIFT_COMPILATION_MODE = wholemodule;
				SWIFT_OPTIMIZATION_LEVEL = "-O";
				VALIDATE_PRODUCT = YES;
			};
			name = Release;
		};
		3E0F3D27240E8A1400AA7A40 /* Debug */ = {
			isa = XCBuildConfiguration;
			buildSettings = {
				ASSETCATALOG_COMPILER_APPICON_NAME = AppIcon;
				CODE_SIGN_STYLE = Automatic;
				DEVELOPMENT_TEAM = JZS68M3UXG;
				INFOPLIST_FILE = simpsonBook/Info.plist;
				LD_RUNPATH_SEARCH_PATHS = (
					"$(inherited)",
					"@executable_path/Frameworks",
				);
				PRODUCT_BUNDLE_IDENTIFIER = com.mustafaisik.simpsonBook;
				PRODUCT_NAME = "$(TARGET_NAME)";
				SWIFT_VERSION = 5.0;
				TARGETED_DEVICE_FAMILY = "1,2";
			};
			name = Debug;
		};
		3E0F3D28240E8A1400AA7A40 /* Release */ = {
			isa = XCBuildConfiguration;
			buildSettings = {
				ASSETCATALOG_COMPILER_APPICON_NAME = AppIcon;
				CODE_SIGN_STYLE = Automatic;
				DEVELOPMENT_TEAM = JZS68M3UXG;
				INFOPLIST_FILE = simpsonBook/Info.plist;
				LD_RUNPATH_SEARCH_PATHS = (
					"$(inherited)",
					"@executable_path/Frameworks",
				);
				PRODUCT_BUNDLE_IDENTIFIER = com.mustafaisik.simpsonBook;
				PRODUCT_NAME = "$(TARGET_NAME)";
				SWIFT_VERSION = 5.0;
				TARGETED_DEVICE_FAMILY = "1,2";
			};
			name = Release;
		};
/* End XCBuildConfiguration section */

/* Begin XCConfigurationList section */
		3E0F3D0D240E8A1300AA7A40 /* Build configuration list for PBXProject "simpsonBook" */ = {
			isa = XCConfigurationList;
			buildConfigurations = (
				3E0F3D24240E8A1400AA7A40 /* Debug */,
				3E0F3D25240E8A1400AA7A40 /* Release */,
			);
			defaultConfigurationIsVisible = 0;
			defaultConfigurationName = Release;
		};
		3E0F3D26240E8A1400AA7A40 /* Build configuration list for PBXNativeTarget "simpsonBook" */ = {
			isa = XCConfigurationList;
			buildConfigurations = (
				3E0F3D27240E8A1400AA7A40 /* Debug */,
				3E0F3D28240E8A1400AA7A40 /* Release */,
			);
			defaultConfigurationIsVisible = 0;
			defaultConfigurationName = Release;
		};
/* End XCConfigurationList section */
	};
	rootObject = 3E0F3D0A240E8A1300AA7A40 /* Project object */;
}
